// !$*UTF8*$!
{
	archiveVersion = 1;
	classes = {
	};
	objectVersion = 46;
	objects = {

/* Begin PBXBuildFile section */
		7A6646271D374E3200E5E57A /* AppDelegate.swift in Sources */ = {isa = PBXBuildFile; fileRef = 7A6646261D374E3200E5E57A /* AppDelegate.swift */; };
		7A6646291D374E3200E5E57A /* Assets.xcassets in Resources */ = {isa = PBXBuildFile; fileRef = 7A6646281D374E3200E5E57A /* Assets.xcassets */; };
		7A66462C1D374E3300E5E57A /* MainMenu.xib in Resources */ = {isa = PBXBuildFile; fileRef = 7A66462A1D374E3300E5E57A /* MainMenu.xib */; };
		7A6646371D374E3300E5E57A /* mnmPlayerTests.swift in Sources */ = {isa = PBXBuildFile; fileRef = 7A6646361D374E3300E5E57A /* mnmPlayerTests.swift */; };
		7A6646421D374E3300E5E57A /* mnmPlayerUITests.swift in Sources */ = {isa = PBXBuildFile; fileRef = 7A6646411D374E3300E5E57A /* mnmPlayerUITests.swift */; };
/* End PBXBuildFile section */

/* Begin PBXContainerItemProxy section */
		7A6646331D374E3300E5E57A /* PBXContainerItemProxy */ = {
			isa = PBXContainerItemProxy;
			containerPortal = 7A66461B1D374E3200E5E57A /* Project object */;
			proxyType = 1;
			remoteGlobalIDString = 7A6646221D374E3200E5E57A;
			remoteInfo = mnmPlayer;
		};
		7A66463E1D374E3300E5E57A /* PBXContainerItemProxy */ = {
			isa = PBXContainerItemProxy;
			containerPortal = 7A66461B1D374E3200E5E57A /* Project object */;
			proxyType = 1;
			remoteGlobalIDString = 7A6646221D374E3200E5E57A;
			remoteInfo = mnmPlayer;
		};
/* End PBXContainerItemProxy section */

/* Begin PBXFileReference section */
		7A6646231D374E3200E5E57A /* mnmPlayer.app */ = {isa = PBXFileReference; explicitFileType = wrapper.application; includeInIndex = 0; path = mnmPlayer.app; sourceTree = BUILT_PRODUCTS_DIR; };
		7A6646261D374E3200E5E57A /* AppDelegate.swift */ = {isa = PBXFileReference; lastKnownFileType = sourcecode.swift; path = AppDelegate.swift; sourceTree = "<group>"; };
		7A6646281D374E3200E5E57A /* Assets.xcassets */ = {isa = PBXFileReference; lastKnownFileType = folder.assetcatalog; path = Assets.xcassets; sourceTree = "<group>"; };
		7A66462B1D374E3300E5E57A /* Base */ = {isa = PBXFileReference; lastKnownFileType = file.xib; name = Base; path = Base.lproj/MainMenu.xib; sourceTree = "<group>"; };
		7A66462D1D374E3300E5E57A /* Info.plist */ = {isa = PBXFileReference; lastKnownFileType = text.plist.xml; path = Info.plist; sourceTree = "<group>"; };
		7A6646321D374E3300E5E57A /* mnmPlayerTests.xctest */ = {isa = PBXFileReference; explicitFileType = wrapper.cfbundle; includeInIndex = 0; path = mnmPlayerTests.xctest; sourceTree = BUILT_PRODUCTS_DIR; };
		7A6646361D374E3300E5E57A /* mnmPlayerTests.swift */ = {isa = PBXFileReference; lastKnownFileType = sourcecode.swift; path = mnmPlayerTests.swift; sourceTree = "<group>"; };
		7A6646381D374E3300E5E57A /* Info.plist */ = {isa = PBXFileReference; lastKnownFileType = text.plist.xml; path = Info.plist; sourceTree = "<group>"; };
		7A66463D1D374E3300E5E57A /* mnmPlayerUITests.xctest */ = {isa = PBXFileReference; explicitFileType = wrapper.cfbundle; includeInIndex = 0; path = mnmPlayerUITests.xctest; sourceTree = BUILT_PRODUCTS_DIR; };
		7A6646411D374E3300E5E57A /* mnmPlayerUITests.swift */ = {isa = PBXFileReference; lastKnownFileType = sourcecode.swift; path = mnmPlayerUITests.swift; sourceTree = "<group>"; };
		7A6646431D374E3300E5E57A /* Info.plist */ = {isa = PBXFileReference; lastKnownFileType = text.plist.xml; path = Info.plist; sourceTree = "<group>"; };
/* End PBXFileReference section */

/* Begin PBXFrameworksBuildPhase section */
		7A6646201D374E3200E5E57A /* Frameworks */ = {
			isa = PBXFrameworksBuildPhase;
			buildActionMask = 2147483647;
			files = (
			);
			runOnlyForDeploymentPostprocessing = 0;
		};
		7A66462F1D374E3300E5E57A /* Frameworks */ = {
			isa = PBXFrameworksBuildPhase;
			buildActionMask = 2147483647;
			files = (
			);
			runOnlyForDeploymentPostprocessing = 0;
		};
		7A66463A1D374E3300E5E57A /* Frameworks */ = {
			isa = PBXFrameworksBuildPhase;
			buildActionMask = 2147483647;
			files = (
			);
			runOnlyForDeploymentPostprocessing = 0;
		};
/* End PBXFrameworksBuildPhase section */

/* Begin PBXGroup section */
		7A66461A1D374E3200E5E57A = {
			isa = PBXGroup;
			children = (
				7A6646251D374E3200E5E57A /* mnmPlayer */,
				7A6646351D374E3300E5E57A /* mnmPlayerTests */,
				7A6646401D374E3300E5E57A /* mnmPlayerUITests */,
				7A6646241D374E3200E5E57A /* Products */,
			);
			sourceTree = "<group>";
		};
		7A6646241D374E3200E5E57A /* Products */ = {
			isa = PBXGroup;
			children = (
				7A6646231D374E3200E5E57A /* mnmPlayer.app */,
				7A6646321D374E3300E5E57A /* mnmPlayerTests.xctest */,
				7A66463D1D374E3300E5E57A /* mnmPlayerUITests.xctest */,
			);
			name = Products;
			sourceTree = "<group>";
		};
		7A6646251D374E3200E5E57A /* mnmPlayer */ = {
			isa = PBXGroup;
			children = (
				7A6646261D374E3200E5E57A /* AppDelegate.swift */,
				7A6646281D374E3200E5E57A /* Assets.xcassets */,
				7A66462A1D374E3300E5E57A /* MainMenu.xib */,
				7A66462D1D374E3300E5E57A /* Info.plist */,
			);
			path = mnmPlayer;
			sourceTree = "<group>";
		};
		7A6646351D374E3300E5E57A /* mnmPlayerTests */ = {
			isa = PBXGroup;
			children = (
				7A6646361D374E3300E5E57A /* mnmPlayerTests.swift */,
				7A6646381D374E3300E5E57A /* Info.plist */,
			);
			path = mnmPlayerTests;
			sourceTree = "<group>";
		};
		7A6646401D374E3300E5E57A /* mnmPlayerUITests */ = {
			isa = PBXGroup;
			children = (
				7A6646411D374E3300E5E57A /* mnmPlayerUITests.swift */,
				7A6646431D374E3300E5E57A /* Info.plist */,
			);
			path = mnmPlayerUITests;
			sourceTree = "<group>";
		};
/* End PBXGroup section */

/* Begin PBXNativeTarget section */
		7A6646221D374E3200E5E57A /* mnmPlayer */ = {
			isa = PBXNativeTarget;
			buildConfigurationList = 7A6646461D374E3300E5E57A /* Build configuration list for PBXNativeTarget "mnmPlayer" */;
			buildPhases = (
				7A66461F1D374E3200E5E57A /* Sources */,
				7A6646201D374E3200E5E57A /* Frameworks */,
				7A6646211D374E3200E5E57A /* Resources */,
			);
			buildRules = (
			);
			dependencies = (
			);
			name = mnmPlayer;
			productName = mnmPlayer;
			productReference = 7A6646231D374E3200E5E57A /* mnmPlayer.app */;
			productType = "com.apple.product-type.application";
		};
		7A6646311D374E3300E5E57A /* mnmPlayerTests */ = {
			isa = PBXNativeTarget;
			buildConfigurationList = 7A6646491D374E3300E5E57A /* Build configuration list for PBXNativeTarget "mnmPlayerTests" */;
			buildPhases = (
				7A66462E1D374E3300E5E57A /* Sources */,
				7A66462F1D374E3300E5E57A /* Frameworks */,
				7A6646301D374E3300E5E57A /* Resources */,
			);
			buildRules = (
			);
			dependencies = (
				7A6646341D374E3300E5E57A /* PBXTargetDependency */,
			);
			name = mnmPlayerTests;
			productName = mnmPlayerTests;
			productReference = 7A6646321D374E3300E5E57A /* mnmPlayerTests.xctest */;
			productType = "com.apple.product-type.bundle.unit-test";
		};
		7A66463C1D374E3300E5E57A /* mnmPlayerUITests */ = {
			isa = PBXNativeTarget;
			buildConfigurationList = 7A66464C1D374E3300E5E57A /* Build configuration list for PBXNativeTarget "mnmPlayerUITests" */;
			buildPhases = (
				7A6646391D374E3300E5E57A /* Sources */,
				7A66463A1D374E3300E5E57A /* Frameworks */,
				7A66463B1D374E3300E5E57A /* Resources */,
			);
			buildRules = (
			);
			dependencies = (
				7A66463F1D374E3300E5E57A /* PBXTargetDependency */,
			);
			name = mnmPlayerUITests;
			productName = mnmPlayerUITests;
			productReference = 7A66463D1D374E3300E5E57A /* mnmPlayerUITests.xctest */;
			productType = "com.apple.product-type.bundle.ui-testing";
		};
/* End PBXNativeTarget section */

/* Begin PBXProject section */
		7A66461B1D374E3200E5E57A /* Project object */ = {
			isa = PBXProject;
			attributes = {
				LastSwiftUpdateCheck = 0730;
				LastUpgradeCheck = 0730;
				ORGANIZATIONNAME = AoB;
				TargetAttributes = {
					7A6646221D374E3200E5E57A = {
						CreatedOnToolsVersion = 7.3.1;
					};
					7A6646311D374E3300E5E57A = {
						CreatedOnToolsVersion = 7.3.1;
						TestTargetID = 7A6646221D374E3200E5E57A;
					};
					7A66463C1D374E3300E5E57A = {
						CreatedOnToolsVersion = 7.3.1;
						TestTargetID = 7A6646221D374E3200E5E57A;
					};
				};
			};
			buildConfigurationList = 7A66461E1D374E3200E5E57A /* Build configuration list for PBXProject "mnmPlayer" */;
			compatibilityVersion = "Xcode 3.2";
			developmentRegion = English;
			hasScannedForEncodings = 0;
			knownRegions = (
				en,
				Base,
			);
			mainGroup = 7A66461A1D374E3200E5E57A;
			productRefGroup = 7A6646241D374E3200E5E57A /* Products */;
			projectDirPath = "";
			projectRoot = "";
			targets = (
				7A6646221D374E3200E5E57A /* mnmPlayer */,
				7A6646311D374E3300E5E57A /* mnmPlayerTests */,
				7A66463C1D374E3300E5E57A /* mnmPlayerUITests */,
			);
		};
/* End PBXProject section */

/* Begin PBXResourcesBuildPhase section */
		7A6646211D374E3200E5E57A /* Resources */ = {
			isa = PBXResourcesBuildPhase;
			buildActionMask = 2147483647;
			files = (
				7A6646291D374E3200E5E57A /* Assets.xcassets in Resources */,
				7A66462C1D374E3300E5E57A /* MainMenu.xib in Resources */,
			);
			runOnlyForDeploymentPostprocessing = 0;
		};
		7A6646301D374E3300E5E57A /* Resources */ = {
			isa = PBXResourcesBuildPhase;
			buildActionMask = 2147483647;
			files = (
			);
			runOnlyForDeploymentPostprocessing = 0;
		};
		7A66463B1D374E3300E5E57A /* Resources */ = {
			isa = PBXResourcesBuildPhase;
			buildActionMask = 2147483647;
			files = (
			);
			runOnlyForDeploymentPostprocessing = 0;
		};
/* End PBXResourcesBuildPhase section */

/* Begin PBXSourcesBuildPhase section */
		7A66461F1D374E3200E5E57A /* Sources */ = {
			isa = PBXSourcesBuildPhase;
			buildActionMask = 2147483647;
			files = (
				7A6646271D374E3200E5E57A /* AppDelegate.swift in Sources */,
			);
			runOnlyForDeploymentPostprocessing = 0;
		};
		7A66462E1D374E3300E5E57A /* Sources */ = {
			isa = PBXSourcesBuildPhase;
			buildActionMask = 2147483647;
			files = (
				7A6646371D374E3300E5E57A /* mnmPlayerTests.swift in Sources */,
			);
			runOnlyForDeploymentPostprocessing = 0;
		};
		7A6646391D374E3300E5E57A /* Sources */ = {
			isa = PBXSourcesBuildPhase;
			buildActionMask = 2147483647;
			files = (
				7A6646421D374E3300E5E57A /* mnmPlayerUITests.swift in Sources */,
			);
			runOnlyForDeploymentPostprocessing = 0;
		};
/* End PBXSourcesBuildPhase section */

/* Begin PBXTargetDependency section */
		7A6646341D374E3300E5E57A /* PBXTargetDependency */ = {
			isa = PBXTargetDependency;
			target = 7A6646221D374E3200E5E57A /* mnmPlayer */;
			targetProxy = 7A6646331D374E3300E5E57A /* PBXContainerItemProxy */;
		};
		7A66463F1D374E3300E5E57A /* PBXTargetDependency */ = {
			isa = PBXTargetDependency;
			target = 7A6646221D374E3200E5E57A /* mnmPlayer */;
			targetProxy = 7A66463E1D374E3300E5E57A /* PBXContainerItemProxy */;
		};
/* End PBXTargetDependency section */

/* Begin PBXVariantGroup section */
		7A66462A1D374E3300E5E57A /* MainMenu.xib */ = {
			isa = PBXVariantGroup;
			children = (
				7A66462B1D374E3300E5E57A /* Base */,
			);
			name = MainMenu.xib;
			sourceTree = "<group>";
		};
/* End PBXVariantGroup section */

/* Begin XCBuildConfiguration section */
		7A6646441D374E3300E5E57A /* Debug */ = {
			isa = XCBuildConfiguration;
			buildSettings = {
				ALWAYS_SEARCH_USER_PATHS = NO;
				CLANG_ANALYZER_NONNULL = YES;
				CLANG_CXX_LANGUAGE_STANDARD = "gnu++0x";
				CLANG_CXX_LIBRARY = "libc++";
				CLANG_ENABLE_MODULES = YES;
				CLANG_ENABLE_OBJC_ARC = YES;
				CLANG_WARN_BOOL_CONVERSION = YES;
				CLANG_WARN_CONSTANT_CONVERSION = YES;
				CLANG_WARN_DIRECT_OBJC_ISA_USAGE = YES_ERROR;
				CLANG_WARN_EMPTY_BODY = YES;
				CLANG_WARN_ENUM_CONVERSION = YES;
				CLANG_WARN_INT_CONVERSION = YES;
				CLANG_WARN_OBJC_ROOT_CLASS = YES_ERROR;
				CLANG_WARN_UNREACHABLE_CODE = YES;
				CLANG_WARN__DUPLICATE_METHOD_MATCH = YES;
				CODE_SIGN_IDENTITY = "-";
				COPY_PHASE_STRIP = NO;
				DEBUG_INFORMATION_FORMAT = dwarf;
				ENABLE_STRICT_OBJC_MSGSEND = YES;
				ENABLE_TESTABILITY = YES;
				GCC_C_LANGUAGE_STANDARD = gnu99;
				GCC_DYNAMIC_NO_PIC = NO;
				GCC_NO_COMMON_BLOCKS = YES;
				GCC_OPTIMIZATION_LEVEL = 0;
				GCC_PREPROCESSOR_DEFINITIONS = (
					"DEBUG=1",
					"$(inherited)",
				);
				GCC_WARN_64_TO_32_BIT_CONVERSION = YES;
				GCC_WARN_ABOUT_RETURN_TYPE = YES_ERROR;
				GCC_WARN_UNDECLARED_SELECTOR = YES;
				GCC_WARN_UNINITIALIZED_AUTOS = YES_AGGRESSIVE;
				GCC_WARN_UNUSED_FUNCTION = YES;
				GCC_WARN_UNUSED_VARIABLE = YES;
				MACOSX_DEPLOYMENT_TARGET = 10.11;
				MTL_ENABLE_DEBUG_INFO = YES;
				ONLY_ACTIVE_ARCH = YES;
				SDKROOT = macosx;
				SWIFT_OPTIMIZATION_LEVEL = "-Onone";
			};
			name = Debug;
		};
		7A6646451D374E3300E5E57A /* Release */ = {
			isa = XCBuildConfiguration;
			buildSettings = {
				ALWAYS_SEARCH_USER_PATHS = NO;
				CLANG_ANALYZER_NONNULL = YES;
				CLANG_CXX_LANGUAGE_STANDARD = "gnu++0x";
				CLANG_CXX_LIBRARY = "libc++";
				CLANG_ENABLE_MODULES = YES;
				CLANG_ENABLE_OBJC_ARC = YES;
				CLANG_WARN_BOOL_CONVERSION = YES;
				CLANG_WARN_CONSTANT_CONVERSION = YES;
				CLANG_WARN_DIRECT_OBJC_ISA_USAGE = YES_ERROR;
				CLANG_WARN_EMPTY_BODY = YES;
				CLANG_WARN_ENUM_CONVERSION = YES;
				CLANG_WARN_INT_CONVERSION = YES;
				CLANG_WARN_OBJC_ROOT_CLASS = YES_ERROR;
				CLANG_WARN_UNREACHABLE_CODE = YES;
				CLANG_WARN__DUPLICATE_METHOD_MATCH = YES;
				CODE_SIGN_IDENTITY = "-";
				COPY_PHASE_STRIP = NO;
				DEBUG_INFORMATION_FORMAT = "dwarf-with-dsym";
				ENABLE_NS_ASSERTIONS = NO;
				ENABLE_STRICT_OBJC_MSGSEND = YES;
				GCC_C_LANGUAGE_STANDARD = gnu99;
				GCC_NO_COMMON_BLOCKS = YES;
				GCC_WARN_64_TO_32_BIT_CONVERSION = YES;
				GCC_WARN_ABOUT_RETURN_TYPE = YES_ERROR;
				GCC_WARN_UNDECLARED_SELECTOR = YES;
				GCC_WARN_UNINITIALIZED_AUTOS = YES_AGGRESSIVE;
				GCC_WARN_UNUSED_FUNCTION = YES;
				GCC_WARN_UNUSED_VARIABLE = YES;
				MACOSX_DEPLOYMENT_TARGET = 10.11;
				MTL_ENABLE_DEBUG_INFO = NO;
				SDKROOT = macosx;
			};
			name = Release;
		};
		7A6646471D374E3300E5E57A /* Debug */ = {
			isa = XCBuildConfiguration;
			buildSettings = {
				ASSETCATALOG_COMPILER_APPICON_NAME = AppIcon;
				COMBINE_HIDPI_IMAGES = YES;
				INFOPLIST_FILE = mnmPlayer/Info.plist;
				LD_RUNPATH_SEARCH_PATHS = "$(inherited) @executable_path/../Frameworks";
				PRODUCT_BUNDLE_IDENTIFIER = nom.aob.mnmPlayer;
				PRODUCT_NAME = "$(TARGET_NAME)";
			};
			name = Debug;
		};
		7A6646481D374E3300E5E57A /* Release */ = {
			isa = XCBuildConfiguration;
			buildSettings = {
				ASSETCATALOG_COMPILER_APPICON_NAME = AppIcon;
				COMBINE_HIDPI_IMAGES = YES;
				INFOPLIST_FILE = mnmPlayer/Info.plist;
				LD_RUNPATH_SEARCH_PATHS = "$(inherited) @executable_path/../Frameworks";
				PRODUCT_BUNDLE_IDENTIFIER = nom.aob.mnmPlayer;
				PRODUCT_NAME = "$(TARGET_NAME)";
			};
			name = Release;
		};
		7A66464A1D374E3300E5E57A /* Debug */ = {
			isa = XCBuildConfiguration;
			buildSettings = {
				BUNDLE_LOADER = "$(TEST_HOST)";
				COMBINE_HIDPI_IMAGES = YES;
				INFOPLIST_FILE = mnmPlayerTests/Info.plist;
				LD_RUNPATH_SEARCH_PATHS = "$(inherited) @executable_path/../Frameworks @loader_path/../Frameworks";
				PRODUCT_BUNDLE_IDENTIFIER = nom.aob.mnmPlayerTests;
				PRODUCT_NAME = "$(TARGET_NAME)";
				TEST_HOST = "$(BUILT_PRODUCTS_DIR)/mnmPlayer.app/Contents/MacOS/mnmPlayer";
			};
			name = Debug;
		};
		7A66464B1D374E3300E5E57A /* Release */ = {
			isa = XCBuildConfiguration;
			buildSettings = {
				BUNDLE_LOADER = "$(TEST_HOST)";
				COMBINE_HIDPI_IMAGES = YES;
				INFOPLIST_FILE = mnmPlayerTests/Info.plist;
				LD_RUNPATH_SEARCH_PATHS = "$(inherited) @executable_path/../Frameworks @loader_path/../Frameworks";
				PRODUCT_BUNDLE_IDENTIFIER = nom.aob.mnmPlayerTests;
				PRODUCT_NAME = "$(TARGET_NAME)";
				TEST_HOST = "$(BUILT_PRODUCTS_DIR)/mnmPlayer.app/Contents/MacOS/mnmPlayer";
			};
			name = Release;
		};
		7A66464D1D374E3300E5E57A /* Debug */ = {
			isa = XCBuildConfiguration;
			buildSettings = {
				COMBINE_HIDPI_IMAGES = YES;
				INFOPLIST_FILE = mnmPlayerUITests/Info.plist;
				LD_RUNPATH_SEARCH_PATHS = "$(inherited) @executable_path/../Frameworks @loader_path/../Frameworks";
				PRODUCT_BUNDLE_IDENTIFIER = nom.aob.mnmPlayerUITests;
				PRODUCT_NAME = "$(TARGET_NAME)";
				TEST_TARGET_NAME = mnmPlayer;
			};
			name = Debug;
		};
		7A66464E1D374E3300E5E57A /* Release */ = {
			isa = XCBuildConfiguration;
			buildSettings = {
				COMBINE_HIDPI_IMAGES = YES;
				INFOPLIST_FILE = mnmPlayerUITests/Info.plist;
				LD_RUNPATH_SEARCH_PATHS = "$(inherited) @executable_path/../Frameworks @loader_path/../Frameworks";
				PRODUCT_BUNDLE_IDENTIFIER = nom.aob.mnmPlayerUITests;
				PRODUCT_NAME = "$(TARGET_NAME)";
				TEST_TARGET_NAME = mnmPlayer;
			};
			name = Release;
		};
/* End XCBuildConfiguration section */

/* Begin XCConfigurationList section */
		7A66461E1D374E3200E5E57A /* Build configuration list for PBXProject "mnmPlayer" */ = {
			isa = XCConfigurationList;
			buildConfigurations = (
				7A6646441D374E3300E5E57A /* Debug */,
				7A6646451D374E3300E5E57A /* Release */,
			);
			defaultConfigurationIsVisible = 0;
			defaultConfigurationName = Release;
		};
		7A6646461D374E3300E5E57A /* Build configuration list for PBXNativeTarget "mnmPlayer" */ = {
			isa = XCConfigurationList;
			buildConfigurations = (
				7A6646471D374E3300E5E57A /* Debug */,
				7A6646481D374E3300E5E57A /* Release */,
			);
			defaultConfigurationIsVisible = 0;
		};
		7A6646491D374E3300E5E57A /* Build configuration list for PBXNativeTarget "mnmPlayerTests" */ = {
			isa = XCConfigurationList;
			buildConfigurations = (
				7A66464A1D374E3300E5E57A /* Debug */,
				7A66464B1D374E3300E5E57A /* Release */,
			);
			defaultConfigurationIsVisible = 0;
		};
		7A66464C1D374E3300E5E57A /* Build configuration list for PBXNativeTarget "mnmPlayerUITests" */ = {
			isa = XCConfigurationList;
			buildConfigurations = (
				7A66464D1D374E3300E5E57A /* Debug */,
				7A66464E1D374E3300E5E57A /* Release */,
			);
			defaultConfigurationIsVisible = 0;
		};
/* End XCConfigurationList section */
	};
	rootObject = 7A66461B1D374E3200E5E57A /* Project object */;
}
